
Microsoft Visual Studio Solution File, Format Version 12.00
# Visual Studio 15
VisualStudioVersion = 15.0.28307.572
MinimumVisualStudioVersion = 10.0.40219.1
Project("{FAE04EC0-301F-11D3-BF4B-00C04F79EFBC}") = "SfMaskedEdit_SelectAll.Android", "SfMaskedEdit_SelectAll\SfMaskedEdit_SelectAll.Android\SfMaskedEdit_SelectAll.Android.csproj", "{A1CEFC5F-9AF3-4138-BD44-ABF931261881}"
EndProject
Project("{FAE04EC0-301F-11D3-BF4B-00C04F79EFBC}") = "SfMaskedEdit_SelectAll.iOS", "SfMaskedEdit_SelectAll\SfMaskedEdit_SelectAll.iOS\SfMaskedEdit_SelectAll.iOS.csproj", "{64914BCF-C5B9-4768-B004-9D05897E027D}"
EndProject
Project("{FAE04EC0-301F-11D3-BF4B-00C04F79EFBC}") = "SfMaskedEdit_SelectAll.UWP", "SfMaskedEdit_SelectAll\SfMaskedEdit_SelectAll.UWP\SfMaskedEdit_SelectAll.UWP.csproj", "{8738FF8F-6699-44F8-BF76-EF2B92C22DB4}"
EndProject
Project("{FAE04EC0-301F-11D3-BF4B-00C04F79EFBC}") = "SfMaskedEdit_SelectAll", "SfMaskedEdit_SelectAll\SfMaskedEdit_SelectAll\SfMaskedEdit_SelectAll.csproj", "{E6A5A7DF-88FF-4F12-A715-4CEC271914AB}"
EndProject
Global
	GlobalSection(SolutionConfigurationPlatforms) = preSolution
		Ad-Hoc|Any CPU = Ad-Hoc|Any CPU
		Ad-Hoc|ARM = Ad-Hoc|ARM
		Ad-Hoc|iPhone = Ad-Hoc|iPhone
		Ad-Hoc|iPhoneSimulator = Ad-Hoc|iPhoneSimulator
		Ad-Hoc|x64 = Ad-Hoc|x64
		Ad-Hoc|x86 = Ad-Hoc|x86
		AppStore|Any CPU = AppStore|Any CPU
		AppStore|ARM = AppStore|ARM
		AppStore|iPhone = AppStore|iPhone
		AppStore|iPhoneSimulator = AppStore|iPhoneSimulator
		AppStore|x64 = AppStore|x64
		AppStore|x86 = AppStore|x86
		Debug|Any CPU = Debug|Any CPU
		Debug|ARM = Debug|ARM
		Debug|iPhone = Debug|iPhone
		Debug|iPhoneSimulator = Debug|iPhoneSimulator
		Debug|x64 = Debug|x64
		Debug|x86 = Debug|x86
		Release|Any CPU = Release|Any CPU
		Release|ARM = Release|ARM
		Release|iPhone = Release|iPhone
		Release|iPhoneSimulator = Release|iPhoneSimulator
		Release|x64 = Release|x64
		Release|x86 = Release|x86
	EndGlobalSection
	GlobalSection(ProjectConfigurationPlatforms) = postSolution
		{A1CEFC5F-9AF3-4138-BD44-ABF931261881}.Ad-Hoc|Any CPU.ActiveCfg = Release|Any CPU
		{A1CEFC5F-9AF3-4138-BD44-ABF931261881}.Ad-Hoc|Any CPU.Build.0 = Release|Any CPU
		{A1CEFC5F-9AF3-4138-BD44-ABF931261881}.Ad-Hoc|Any CPU.Deploy.0 = Release|Any CPU
		{A1CEFC5F-9AF3-4138-BD44-ABF931261881}.Ad-Hoc|ARM.ActiveCfg = Release|Any CPU
		{A1CEFC5F-9AF3-4138-BD44-ABF931261881}.Ad-Hoc|ARM.Build.0 = Release|Any CPU
		{A1CEFC5F-9AF3-4138-BD44-ABF931261881}.Ad-Hoc|ARM.Deploy.0 = Release|Any CPU
		{A1CEFC5F-9AF3-4138-BD44-ABF931261881}.Ad-Hoc|iPhone.ActiveCfg = Release|Any CPU
		{A1CEFC5F-9AF3-4138-BD44-ABF931261881}.Ad-Hoc|iPhone.Build.0 = Release|Any CPU
		{A1CEFC5F-9AF3-4138-BD44-ABF931261881}.Ad-Hoc|iPhone.Deploy.0 = Release|Any CPU
		{A1CEFC5F-9AF3-4138-BD44-ABF931261881}.Ad-Hoc|iPhoneSimulator.ActiveCfg = Release|Any CPU
		{A1CEFC5F-9AF3-4138-BD44-ABF931261881}.Ad-Hoc|iPhoneSimulator.Build.0 = Release|Any CPU
		{A1CEFC5F-9AF3-4138-BD44-ABF931261881}.Ad-Hoc|iPhoneSimulator.Deploy.0 = Release|Any CPU
		{A1CEFC5F-9AF3-4138-BD44-ABF931261881}.Ad-Hoc|x64.ActiveCfg = Release|Any CPU
		{A1CEFC5F-9AF3-4138-BD44-ABF931261881}.Ad-Hoc|x64.Build.0 = Release|Any CPU
		{A1CEFC5F-9AF3-4138-BD44-ABF931261881}.Ad-Hoc|x64.Deploy.0 = Release|Any CPU
		{A1CEFC5F-9AF3-4138-BD44-ABF931261881}.Ad-Hoc|x86.ActiveCfg = Release|Any CPU
		{A1CEFC5F-9AF3-4138-BD44-ABF931261881}.Ad-Hoc|x86.Build.0 = Release|Any CPU
		{A1CEFC5F-9AF3-4138-BD44-ABF931261881}.Ad-Hoc|x86.Deploy.0 = Release|Any CPU
		{A1CEFC5F-9AF3-4138-BD44-ABF931261881}.AppStore|Any CPU.ActiveCfg = Release|Any CPU
		{A1CEFC5F-9AF3-4138-BD44-ABF931261881}.AppStore|Any CPU.Build.0 = Release|Any CPU
		{A1CEFC5F-9AF3-4138-BD44-ABF931261881}.AppStore|Any CPU.Deploy.0 = Release|Any CPU
		{A1CEFC5F-9AF3-4138-BD44-ABF931261881}.AppStore|ARM.ActiveCfg = Release|Any CPU
		{A1CEFC5F-9AF3-4138-BD44-ABF931261881}.AppStore|ARM.Build.0 = Release|Any CPU
		{A1CEFC5F-9AF3-4138-BD44-ABF931261881}.AppStore|ARM.Deploy.0 = Release|Any CPU
		{A1CEFC5F-9AF3-4138-BD44-ABF931261881}.AppStore|iPhone.ActiveCfg = Release|Any CPU
		{A1CEFC5F-9AF3-4138-BD44-ABF931261881}.AppStore|iPhone.Build.0 = Release|Any CPU
		{A1CEFC5F-9AF3-4138-BD44-ABF931261881}.AppStore|iPhone.Deploy.0 = Release|Any CPU
		{A1CEFC5F-9AF3-4138-BD44-ABF931261881}.AppStore|iPhoneSimulator.ActiveCfg = Release|Any CPU
		{A1CEFC5F-9AF3-4138-BD44-ABF931261881}.AppStore|iPhoneSimulator.Build.0 = Release|Any CPU
		{A1CEFC5F-9AF3-4138-BD44-ABF931261881}.AppStore|iPhoneSimulator.Deploy.0 = Release|Any CPU
		{A1CEFC5F-9AF3-4138-BD44-ABF931261881}.AppStore|x64.ActiveCfg = Release|Any CPU
		{A1CEFC5F-9AF3-4138-BD44-ABF931261881}.AppStore|x64.Build.0 = Release|Any CPU
		{A1CEFC5F-9AF3-4138-BD44-ABF931261881}.AppStore|x64.Deploy.0 = Release|Any CPU
		{A1CEFC5F-9AF3-4138-BD44-ABF931261881}.AppStore|x86.ActiveCfg = Release|Any CPU
		{A1CEFC5F-9AF3-4138-BD44-ABF931261881}.AppStore|x86.Build.0 = Release|Any CPU
		{A1CEFC5F-9AF3-4138-BD44-ABF931261881}.AppStore|x86.Deploy.0 = Release|Any CPU
		{A1CEFC5F-9AF3-4138-BD44-ABF931261881}.Debug|Any CPU.ActiveCfg = Debug|Any CPU
		{A1CEFC5F-9AF3-4138-BD44-ABF931261881}.Debug|Any CPU.Build.0 = Debug|Any CPU
		{A1CEFC5F-9AF3-4138-BD44-ABF931261881}.Debug|Any CPU.Deploy.0 = Debug|Any CPU
		{A1CEFC5F-9AF3-4138-BD44-ABF931261881}.Debug|ARM.ActiveCfg = Debug|Any CPU
		{A1CEFC5F-9AF3-4138-BD44-ABF931261881}.Debug|ARM.Build.0 = Debug|Any CPU
		{A1CEFC5F-9AF3-4138-BD44-ABF931261881}.Debug|ARM.Deploy.0 = Debug|Any CPU
		{A1CEFC5F-9AF3-4138-BD44-ABF931261881}.Debug|iPhone.ActiveCfg = Debug|Any CPU
		{A1CEFC5F-9AF3-4138-BD44-ABF931261881}.Debug|iPhone.Build.0 = Debug|Any CPU
		{A1CEFC5F-9AF3-4138-BD44-ABF931261881}.Debug|iPhone.Deploy.0 = Debug|Any CPU
		{A1CEFC5F-9AF3-4138-BD44-ABF931261881}.Debug|iPhoneSimulator.ActiveCfg = Debug|Any CPU
		{A1CEFC5F-9AF3-4138-BD44-ABF931261881}.Debug|iPhoneSimulator.Build.0 = Debug|Any CPU
		{A1CEFC5F-9AF3-4138-BD44-ABF931261881}.Debug|iPhoneSimulator.Deploy.0 = Debug|Any CPU
		{A1CEFC5F-9AF3-4138-BD44-ABF931261881}.Debug|x64.ActiveCfg = Debug|Any CPU
		{A1CEFC5F-9AF3-4138-BD44-ABF931261881}.Debug|x64.Build.0 = Debug|Any CPU
		{A1CEFC5F-9AF3-4138-BD44-ABF931261881}.Debug|x64.Deploy.0 = Debug|Any CPU
		{A1CEFC5F-9AF3-4138-BD44-ABF931261881}.Debug|x86.ActiveCfg = Debug|Any CPU
		{A1CEFC5F-9AF3-4138-BD44-ABF931261881}.Debug|x86.Build.0 = Debug|Any CPU
		{A1CEFC5F-9AF3-4138-BD44-ABF931261881}.Debug|x86.Deploy.0 = Debug|Any CPU
		{A1CEFC5F-9AF3-4138-BD44-ABF931261881}.Release|Any CPU.ActiveCfg = Release|Any CPU
		{A1CEFC5F-9AF3-4138-BD44-ABF931261881}.Release|Any CPU.Build.0 = Release|Any CPU
		{A1CEFC5F-9AF3-4138-BD44-ABF931261881}.Release|Any CPU.Deploy.0 = Release|Any CPU
		{A1CEFC5F-9AF3-4138-BD44-ABF931261881}.Release|ARM.ActiveCfg = Release|Any CPU
		{A1CEFC5F-9AF3-4138-BD44-ABF931261881}.Release|ARM.Build.0 = Release|Any CPU
		{A1CEFC5F-9AF3-4138-BD44-ABF931261881}.Release|ARM.Deploy.0 = Release|Any CPU
		{A1CEFC5F-9AF3-4138-BD44-ABF931261881}.Release|iPhone.ActiveCfg = Release|Any CPU
		{A1CEFC5F-9AF3-4138-BD44-ABF931261881}.Release|iPhone.Build.0 = Release|Any CPU
		{A1CEFC5F-9AF3-4138-BD44-ABF931261881}.Release|iPhone.Deploy.0 = Release|Any CPU
		{A1CEFC5F-9AF3-4138-BD44-ABF931261881}.Release|iPhoneSimulator.ActiveCfg = Release|Any CPU
		{A1CEFC5F-9AF3-4138-BD44-ABF931261881}.Release|iPhoneSimulator.Build.0 = Release|Any CPU
		{A1CEFC5F-9AF3-4138-BD44-ABF931261881}.Release|iPhoneSimulator.Deploy.0 = Release|Any CPU
		{A1CEFC5F-9AF3-4138-BD44-ABF931261881}.Release|x64.ActiveCfg = Release|Any CPU
		{A1CEFC5F-9AF3-4138-BD44-ABF931261881}.Release|x64.Build.0 = Release|Any CPU
		{A1CEFC5F-9AF3-4138-BD44-ABF931261881}.Release|x64.Deploy.0 = Release|Any CPU
		{A1CEFC5F-9AF3-4138-BD44-ABF931261881}.Release|x86.ActiveCfg = Release|Any CPU
		{A1CEFC5F-9AF3-4138-BD44-ABF931261881}.Release|x86.Build.0 = Release|Any CPU
		{A1CEFC5F-9AF3-4138-BD44-ABF931261881}.Release|x86.Deploy.0 = Release|Any CPU
		{64914BCF-C5B9-4768-B004-9D05897E027D}.Ad-Hoc|Any CPU.ActiveCfg = Ad-Hoc|iPhone
		{64914BCF-C5B9-4768-B004-9D05897E027D}.Ad-Hoc|Any CPU.Build.0 = Ad-Hoc|iPhone
		{64914BCF-C5B9-4768-B004-9D05897E027D}.Ad-Hoc|Any CPU.Deploy.0 = Ad-Hoc|iPhone
		{64914BCF-C5B9-4768-B004-9D05897E027D}.Ad-Hoc|ARM.ActiveCfg = Ad-Hoc|iPhone
		{64914BCF-C5B9-4768-B004-9D05897E027D}.Ad-Hoc|ARM.Build.0 = Ad-Hoc|iPhone
		{64914BCF-C5B9-4768-B004-9D05897E027D}.Ad-Hoc|ARM.Deploy.0 = Ad-Hoc|iPhone
		{64914BCF-C5B9-4768-B004-9D05897E027D}.Ad-Hoc|iPhone.ActiveCfg = Ad-Hoc|iPhone
		{64914BCF-C5B9-4768-B004-9D05897E027D}.Ad-Hoc|iPhone.Build.0 = Ad-Hoc|iPhone
		{64914BCF-C5B9-4768-B004-9D05897E027D}.Ad-Hoc|iPhone.Deploy.0 = Ad-Hoc|iPhone
		{64914BCF-C5B9-4768-B004-9D05897E027D}.Ad-Hoc|iPhoneSimulator.ActiveCfg = Ad-Hoc|iPhoneSimulator
		{64914BCF-C5B9-4768-B004-9D05897E027D}.Ad-Hoc|iPhoneSimulator.Build.0 = Ad-Hoc|iPhoneSimulator
		{64914BCF-C5B9-4768-B004-9D05897E027D}.Ad-Hoc|iPhoneSimulator.Deploy.0 = Ad-Hoc|iPhoneSimulator
		{64914BCF-C5B9-4768-B004-9D05897E027D}.Ad-Hoc|x64.ActiveCfg = Ad-Hoc|iPhone
		{64914BCF-C5B9-4768-B004-9D05897E027D}.Ad-Hoc|x64.Build.0 = Ad-Hoc|iPhone
		{64914BCF-C5B9-4768-B004-9D05897E027D}.Ad-Hoc|x64.Deploy.0 = Ad-Hoc|iPhone
		{64914BCF-C5B9-4768-B004-9D05897E027D}.Ad-Hoc|x86.ActiveCfg = Ad-Hoc|iPhone
		{64914BCF-C5B9-4768-B004-9D05897E027D}.Ad-Hoc|x86.Build.0 = Ad-Hoc|iPhone
		{64914BCF-C5B9-4768-B004-9D05897E027D}.Ad-Hoc|x86.Deploy.0 = Ad-Hoc|iPhone
		{64914BCF-C5B9-4768-B004-9D05897E027D}.AppStore|Any CPU.ActiveCfg = AppStore|iPhone
		{64914BCF-C5B9-4768-B004-9D05897E027D}.AppStore|Any CPU.Build.0 = AppStore|iPhone
		{64914BCF-C5B9-4768-B004-9D05897E027D}.AppStore|Any CPU.Deploy.0 = AppStore|iPhone
		{64914BCF-C5B9-4768-B004-9D05897E027D}.AppStore|ARM.ActiveCfg = AppStore|iPhone
		{64914BCF-C5B9-4768-B004-9D05897E027D}.AppStore|ARM.Build.0 = AppStore|iPhone
		{64914BCF-C5B9-4768-B004-9D05897E027D}.AppStore|ARM.Deploy.0 = AppStore|iPhone
		{64914BCF-C5B9-4768-B004-9D05897E027D}.AppStore|iPhone.ActiveCfg = AppStore|iPhone
		{64914BCF-C5B9-4768-B004-9D05897E027D}.AppStore|iPhone.Build.0 = AppStore|iPhone
		{64914BCF-C5B9-4768-B004-9D05897E027D}.AppStore|iPhone.Deploy.0 = AppStore|iPhone
		{64914BCF-C5B9-4768-B004-9D05897E027D}.AppStore|iPhoneSimulator.ActiveCfg = AppStore|iPhoneSimulator
		{64914BCF-C5B9-4768-B004-9D05897E027D}.AppStore|iPhoneSimulator.Build.0 = AppStore|iPhoneSimulator
		{64914BCF-C5B9-4768-B004-9D05897E027D}.AppStore|iPhoneSimulator.Deploy.0 = AppStore|iPhoneSimulator
		{64914BCF-C5B9-4768-B004-9D05897E027D}.AppStore|x64.ActiveCfg = AppStore|iPhone
		{64914BCF-C5B9-4768-B004-9D05897E027D}.AppStore|x64.Build.0 = AppStore|iPhone
		{64914BCF-C5B9-4768-B004-9D05897E027D}.AppStore|x64.Deploy.0 = AppStore|iPhone
		{64914BCF-C5B9-4768-B004-9D05897E027D}.AppStore|x86.ActiveCfg = AppStore|iPhone
		{64914BCF-C5B9-4768-B004-9D05897E027D}.AppStore|x86.Build.0 = AppStore|iPhone
		{64914BCF-C5B9-4768-B004-9D05897E027D}.AppStore|x86.Deploy.0 = AppStore|iPhone
		{64914BCF-C5B9-4768-B004-9D05897E027D}.Debug|Any CPU.ActiveCfg = Debug|iPhoneSimulator
		{64914BCF-C5B9-4768-B004-9D05897E027D}.Debug|Any CPU.Build.0 = Debug|iPhoneSimulator
		{64914BCF-C5B9-4768-B004-9D05897E027D}.Debug|Any CPU.Deploy.0 = Debug|iPhoneSimulator
		{64914BCF-C5B9-4768-B004-9D05897E027D}.Debug|ARM.ActiveCfg = Debug|iPhone
		{64914BCF-C5B9-4768-B004-9D05897E027D}.Debug|ARM.Build.0 = Debug|iPhone
		{64914BCF-C5B9-4768-B004-9D05897E027D}.Debug|ARM.Deploy.0 = Debug|iPhone
		{64914BCF-C5B9-4768-B004-9D05897E027D}.Debug|iPhone.ActiveCfg = Debug|iPhone
		{64914BCF-C5B9-4768-B004-9D05897E027D}.Debug|iPhone.Build.0 = Debug|iPhone
		{64914BCF-C5B9-4768-B004-9D05897E027D}.Debug|iPhone.Deploy.0 = Debug|iPhone
		{64914BCF-C5B9-4768-B004-9D05897E027D}.Debug|iPhoneSimulator.ActiveCfg = Debug|iPhoneSimulator
		{64914BCF-C5B9-4768-B004-9D05897E027D}.Debug|iPhoneSimulator.Build.0 = Debug|iPhoneSimulator
		{64914BCF-C5B9-4768-B004-9D05897E027D}.Debug|iPhoneSimulator.Deploy.0 = Debug|iPhoneSimulator
		{64914BCF-C5B9-4768-B004-9D05897E027D}.Debug|x64.ActiveCfg = Debug|iPhone
		{64914BCF-C5B9-4768-B004-9D05897E027D}.Debug|x64.Build.0 = Debug|iPhone
		{64914BCF-C5B9-4768-B004-9D05897E027D}.Debug|x64.Deploy.0 = Debug|iPhone
		{64914BCF-C5B9-4768-B004-9D05897E027D}.Debug|x86.ActiveCfg = Debug|iPhone
		{64914BCF-C5B9-4768-B004-9D05897E027D}.Debug|x86.Build.0 = Debug|iPhone
		{64914BCF-C5B9-4768-B004-9D05897E027D}.Debug|x86.Deploy.0 = Debug|iPhone
		{64914BCF-C5B9-4768-B004-9D05897E027D}.Release|Any CPU.ActiveCfg = Release|iPhone
		{64914BCF-C5B9-4768-B004-9D05897E027D}.Release|Any CPU.Build.0 = Release|iPhone
		{64914BCF-C5B9-4768-B004-9D05897E027D}.Release|Any CPU.Deploy.0 = Release|iPhone
		{64914BCF-C5B9-4768-B004-9D05897E027D}.Release|ARM.ActiveCfg = Release|iPhone
		{64914BCF-C5B9-4768-B004-9D05897E027D}.Release|ARM.Build.0 = Release|iPhone
		{64914BCF-C5B9-4768-B004-9D05897E027D}.Release|ARM.Deploy.0 = Release|iPhone
		{64914BCF-C5B9-4768-B004-9D05897E027D}.Release|iPhone.ActiveCfg = Release|iPhone
		{64914BCF-C5B9-4768-B004-9D05897E027D}.Release|iPhone.Build.0 = Release|iPhone
		{64914BCF-C5B9-4768-B004-9D05897E027D}.Release|iPhone.Deploy.0 = Release|iPhone
		{64914BCF-C5B9-4768-B004-9D05897E027D}.Release|iPhoneSimulator.ActiveCfg = Release|iPhoneSimulator
		{64914BCF-C5B9-4768-B004-9D05897E027D}.Release|iPhoneSimulator.Build.0 = Release|iPhoneSimulator
		{64914BCF-C5B9-4768-B004-9D05897E027D}.Release|iPhoneSimulator.Deploy.0 = Release|iPhoneSimulator
		{64914BCF-C5B9-4768-B004-9D05897E027D}.Release|x64.ActiveCfg = Release|iPhone
		{64914BCF-C5B9-4768-B004-9D05897E027D}.Release|x64.Build.0 = Release|iPhone
		{64914BCF-C5B9-4768-B004-9D05897E027D}.Release|x64.Deploy.0 = Release|iPhone
		{64914BCF-C5B9-4768-B004-9D05897E027D}.Release|x86.ActiveCfg = Release|iPhone
		{64914BCF-C5B9-4768-B004-9D05897E027D}.Release|x86.Build.0 = Release|iPhone
		{64914BCF-C5B9-4768-B004-9D05897E027D}.Release|x86.Deploy.0 = Release|iPhone
		{8738FF8F-6699-44F8-BF76-EF2B92C22DB4}.Ad-Hoc|Any CPU.ActiveCfg = Release|x86
		{8738FF8F-6699-44F8-BF76-EF2B92C22DB4}.Ad-Hoc|Any CPU.Build.0 = Release|x86
		{8738FF8F-6699-44F8-BF76-EF2B92C22DB4}.Ad-Hoc|Any CPU.Deploy.0 = Release|x86
		{8738FF8F-6699-44F8-BF76-EF2B92C22DB4}.Ad-Hoc|ARM.ActiveCfg = Release|ARM
		{8738FF8F-6699-44F8-BF76-EF2B92C22DB4}.Ad-Hoc|ARM.Build.0 = Release|ARM
		{8738FF8F-6699-44F8-BF76-EF2B92C22DB4}.Ad-Hoc|ARM.Deploy.0 = Release|ARM
		{8738FF8F-6699-44F8-BF76-EF2B92C22DB4}.Ad-Hoc|iPhone.ActiveCfg = Release|x86
		{8738FF8F-6699-44F8-BF76-EF2B92C22DB4}.Ad-Hoc|iPhone.Build.0 = Release|x86
		{8738FF8F-6699-44F8-BF76-EF2B92C22DB4}.Ad-Hoc|iPhone.Deploy.0 = Release|x86
		{8738FF8F-6699-44F8-BF76-EF2B92C22DB4}.Ad-Hoc|iPhoneSimulator.ActiveCfg = Release|x86
		{8738FF8F-6699-44F8-BF76-EF2B92C22DB4}.Ad-Hoc|iPhoneSimulator.Build.0 = Release|x86
		{8738FF8F-6699-44F8-BF76-EF2B92C22DB4}.Ad-Hoc|iPhoneSimulator.Deploy.0 = Release|x86
		{8738FF8F-6699-44F8-BF76-EF2B92C22DB4}.Ad-Hoc|x64.ActiveCfg = Release|x64
		{8738FF8F-6699-44F8-BF76-EF2B92C22DB4}.Ad-Hoc|x64.Build.0 = Release|x64
		{8738FF8F-6699-44F8-BF76-EF2B92C22DB4}.Ad-Hoc|x64.Deploy.0 = Release|x64
		{8738FF8F-6699-44F8-BF76-EF2B92C22DB4}.Ad-Hoc|x86.ActiveCfg = Release|x86
		{8738FF8F-6699-44F8-BF76-EF2B92C22DB4}.Ad-Hoc|x86.Build.0 = Release|x86
		{8738FF8F-6699-44F8-BF76-EF2B92C22DB4}.Ad-Hoc|x86.Deploy.0 = Release|x86
		{8738FF8F-6699-44F8-BF76-EF2B92C22DB4}.AppStore|Any CPU.ActiveCfg = Release|x86
		{8738FF8F-6699-44F8-BF76-EF2B92C22DB4}.AppStore|Any CPU.Build.0 = Release|x86
		{8738FF8F-6699-44F8-BF76-EF2B92C22DB4}.AppStore|Any CPU.Deploy.0 = Release|x86
		{8738FF8F-6699-44F8-BF76-EF2B92C22DB4}.AppStore|ARM.ActiveCfg = Release|ARM
		{8738FF8F-6699-44F8-BF76-EF2B92C22DB4}.AppStore|ARM.Build.0 = Release|ARM
		{8738FF8F-6699-44F8-BF76-EF2B92C22DB4}.AppStore|ARM.Deploy.0 = Release|ARM
		{8738FF8F-6699-44F8-BF76-EF2B92C22DB4}.AppStore|iPhone.ActiveCfg = Release|x86
		{8738FF8F-6699-44F8-BF76-EF2B92C22DB4}.AppStore|iPhone.Build.0 = Release|x86
		{8738FF8F-6699-44F8-BF76-EF2B92C22DB4}.AppStore|iPhone.Deploy.0 = Release|x86
		{8738FF8F-6699-44F8-BF76-EF2B92C22DB4}.AppStore|iPhoneSimulator.ActiveCfg = Release|x86
		{8738FF8F-6699-44F8-BF76-EF2B92C22DB4}.AppStore|iPhoneSimulator.Build.0 = Release|x86
		{8738FF8F-6699-44F8-BF76-EF2B92C22DB4}.AppStore|iPhoneSimulator.Deploy.0 = Release|x86
		{8738FF8F-6699-44F8-BF76-EF2B92C22DB4}.AppStore|x64.ActiveCfg = Release|x64
		{8738FF8F-6699-44F8-BF76-EF2B92C22DB4}.AppStore|x64.Build.0 = Release|x64
		{8738FF8F-6699-44F8-BF76-EF2B92C22DB4}.AppStore|x64.Deploy.0 = Release|x64
		{8738FF8F-6699-44F8-BF76-EF2B92C22DB4}.AppStore|x86.ActiveCfg = Release|x86
		{8738FF8F-6699-44F8-BF76-EF2B92C22DB4}.AppStore|x86.Build.0 = Release|x86
		{8738FF8F-6699-44F8-BF76-EF2B92C22DB4}.AppStore|x86.Deploy.0 = Release|x86
		{8738FF8F-6699-44F8-BF76-EF2B92C22DB4}.Debug|Any CPU.ActiveCfg = Debug|x86
		{8738FF8F-6699-44F8-BF76-EF2B92C22DB4}.Debug|Any CPU.Build.0 = Debug|x86
		{8738FF8F-6699-44F8-BF76-EF2B92C22DB4}.Debug|Any CPU.Deploy.0 = Debug|x86
		{8738FF8F-6699-44F8-BF76-EF2B92C22DB4}.Debug|ARM.ActiveCfg = Debug|ARM
		{8738FF8F-6699-44F8-BF76-EF2B92C22DB4}.Debug|ARM.Build.0 = Debug|ARM
		{8738FF8F-6699-44F8-BF76-EF2B92C22DB4}.Debug|ARM.Deploy.0 = Debug|ARM
		{8738FF8F-6699-44F8-BF76-EF2B92C22DB4}.Debug|iPhone.ActiveCfg = Debug|x86
		{8738FF8F-6699-44F8-BF76-EF2B92C22DB4}.Debug|iPhone.Build.0 = Debug|x86
		{8738FF8F-6699-44F8-BF76-EF2B92C22DB4}.Debug|iPhone.Deploy.0 = Debug|x86
		{8738FF8F-6699-44F8-BF76-EF2B92C22DB4}.Debug|iPhoneSimulator.ActiveCfg = Debug|x86
		{8738FF8F-6699-44F8-BF76-EF2B92C22DB4}.Debug|iPhoneSimulator.Build.0 = Debug|x86
		{8738FF8F-6699-44F8-BF76-EF2B92C22DB4}.Debug|iPhoneSimulator.Deploy.0 = Debug|x86
		{8738FF8F-6699-44F8-BF76-EF2B92C22DB4}.Debug|x64.ActiveCfg = Debug|x64
		{8738FF8F-6699-44F8-BF76-EF2B92C22DB4}.Debug|x64.Build.0 = Debug|x64
		{8738FF8F-6699-44F8-BF76-EF2B92C22DB4}.Debug|x64.Deploy.0 = Debug|x64
		{8738FF8F-6699-44F8-BF76-EF2B92C22DB4}.Debug|x86.ActiveCfg = Debug|x86
		{8738FF8F-6699-44F8-BF76-EF2B92C22DB4}.Debug|x86.Build.0 = Debug|x86
		{8738FF8F-6699-44F8-BF76-EF2B92C22DB4}.Debug|x86.Deploy.0 = Debug|x86
		{8738FF8F-6699-44F8-BF76-EF2B92C22DB4}.Release|Any CPU.ActiveCfg = Release|x86
		{8738FF8F-6699-44F8-BF76-EF2B92C22DB4}.Release|Any CPU.Build.0 = Release|x86
		{8738FF8F-6699-44F8-BF76-EF2B92C22DB4}.Release|Any CPU.Deploy.0 = Release|x86
		{8738FF8F-6699-44F8-BF76-EF2B92C22DB4}.Release|ARM.ActiveCfg = Release|ARM
		{8738FF8F-6699-44F8-BF76-EF2B92C22DB4}.Release|ARM.Build.0 = Release|ARM
		{8738FF8F-6699-44F8-BF76-EF2B92C22DB4}.Release|ARM.Deploy.0 = Release|ARM
		{8738FF8F-6699-44F8-BF76-EF2B92C22DB4}.Release|iPhone.ActiveCfg = Release|x86
		{8738FF8F-6699-44F8-BF76-EF2B92C22DB4}.Release|iPhone.Build.0 = Release|x86
		{8738FF8F-6699-44F8-BF76-EF2B92C22DB4}.Release|iPhone.Deploy.0 = Release|x86
		{8738FF8F-6699-44F8-BF76-EF2B92C22DB4}.Release|iPhoneSimulator.ActiveCfg = Release|x86
		{8738FF8F-6699-44F8-BF76-EF2B92C22DB4}.Release|iPhoneSimulator.Build.0 = Release|x86
		{8738FF8F-6699-44F8-BF76-EF2B92C22DB4}.Release|iPhoneSimulator.Deploy.0 = Release|x86
		{8738FF8F-6699-44F8-BF76-EF2B92C22DB4}.Release|x64.ActiveCfg = Release|x64
		{8738FF8F-6699-44F8-BF76-EF2B92C22DB4}.Release|x64.Build.0 = Release|x64
		{8738FF8F-6699-44F8-BF76-EF2B92C22DB4}.Release|x64.Deploy.0 = Release|x64
		{8738FF8F-6699-44F8-BF76-EF2B92C22DB4}.Release|x86.ActiveCfg = Release|x86
		{8738FF8F-6699-44F8-BF76-EF2B92C22DB4}.Release|x86.Build.0 = Release|x86
		{8738FF8F-6699-44F8-BF76-EF2B92C22DB4}.Release|x86.Deploy.0 = Release|x86
		{E6A5A7DF-88FF-4F12-A715-4CEC271914AB}.Ad-Hoc|Any CPU.ActiveCfg = Debug|Any CPU
		{E6A5A7DF-88FF-4F12-A715-4CEC271914AB}.Ad-Hoc|Any CPU.Build.0 = Debug|Any CPU
		{E6A5A7DF-88FF-4F12-A715-4CEC271914AB}.Ad-Hoc|Any CPU.Deploy.0 = Debug|Any CPU
		{E6A5A7DF-88FF-4F12-A715-4CEC271914AB}.Ad-Hoc|ARM.ActiveCfg = Debug|Any CPU
		{E6A5A7DF-88FF-4F12-A715-4CEC271914AB}.Ad-Hoc|ARM.Build.0 = Debug|Any CPU
		{E6A5A7DF-88FF-4F12-A715-4CEC271914AB}.Ad-Hoc|ARM.Deploy.0 = Debug|Any CPU
		{E6A5A7DF-88FF-4F12-A715-4CEC271914AB}.Ad-Hoc|iPhone.ActiveCfg = Debug|Any CPU
		{E6A5A7DF-88FF-4F12-A715-4CEC271914AB}.Ad-Hoc|iPhone.Build.0 = Debug|Any CPU
		{E6A5A7DF-88FF-4F12-A715-4CEC271914AB}.Ad-Hoc|iPhone.Deploy.0 = Debug|Any CPU
		{E6A5A7DF-88FF-4F12-A715-4CEC271914AB}.Ad-Hoc|iPhoneSimulator.ActiveCfg = Debug|Any CPU
		{E6A5A7DF-88FF-4F12-A715-4CEC271914AB}.Ad-Hoc|iPhoneSimulator.Build.0 = Debug|Any CPU
		{E6A5A7DF-88FF-4F12-A715-4CEC271914AB}.Ad-Hoc|iPhoneSimulator.Deploy.0 = Debug|Any CPU
		{E6A5A7DF-88FF-4F12-A715-4CEC271914AB}.Ad-Hoc|x64.ActiveCfg = Debug|Any CPU
		{E6A5A7DF-88FF-4F12-A715-4CEC271914AB}.Ad-Hoc|x64.Build.0 = Debug|Any CPU
		{E6A5A7DF-88FF-4F12-A715-4CEC271914AB}.Ad-Hoc|x64.Deploy.0 = Debug|Any CPU
		{E6A5A7DF-88FF-4F12-A715-4CEC271914AB}.Ad-Hoc|x86.ActiveCfg = Debug|Any CPU
		{E6A5A7DF-88FF-4F12-A715-4CEC271914AB}.Ad-Hoc|x86.Build.0 = Debug|Any CPU
		{E6A5A7DF-88FF-4F12-A715-4CEC271914AB}.Ad-Hoc|x86.Deploy.0 = Debug|Any CPU
		{E6A5A7DF-88FF-4F12-A715-4CEC271914AB}.AppStore|Any CPU.ActiveCfg = Debug|Any CPU
		{E6A5A7DF-88FF-4F12-A715-4CEC271914AB}.AppStore|Any CPU.Build.0 = Debug|Any CPU
		{E6A5A7DF-88FF-4F12-A715-4CEC271914AB}.AppStore|Any CPU.Deploy.0 = Debug|Any CPU
		{E6A5A7DF-88FF-4F12-A715-4CEC271914AB}.AppStore|ARM.ActiveCfg = Debug|Any CPU
		{E6A5A7DF-88FF-4F12-A715-4CEC271914AB}.AppStore|ARM.Build.0 = Debug|Any CPU
		{E6A5A7DF-88FF-4F12-A715-4CEC271914AB}.AppStore|ARM.Deploy.0 = Debug|Any CPU
		{E6A5A7DF-88FF-4F12-A715-4CEC271914AB}.AppStore|iPhone.ActiveCfg = Debug|Any CPU
		{E6A5A7DF-88FF-4F12-A715-4CEC271914AB}.AppStore|iPhone.Build.0 = Debug|Any CPU
		{E6A5A7DF-88FF-4F12-A715-4CEC271914AB}.AppStore|iPhone.Deploy.0 = Debug|Any CPU
		{E6A5A7DF-88FF-4F12-A715-4CEC271914AB}.AppStore|iPhoneSimulator.ActiveCfg = Debug|Any CPU
		{E6A5A7DF-88FF-4F12-A715-4CEC271914AB}.AppStore|iPhoneSimulator.Build.0 = Debug|Any CPU
		{E6A5A7DF-88FF-4F12-A715-4CEC271914AB}.AppStore|iPhoneSimulator.Deploy.0 = Debug|Any CPU
		{E6A5A7DF-88FF-4F12-A715-4CEC271914AB}.AppStore|x64.ActiveCfg = Debug|Any CPU
		{E6A5A7DF-88FF-4F12-A715-4CEC271914AB}.AppStore|x64.Build.0 = Debug|Any CPU
		{E6A5A7DF-88FF-4F12-A715-4CEC271914AB}.AppStore|x64.Deploy.0 = Debug|Any CPU
		{E6A5A7DF-88FF-4F12-A715-4CEC271914AB}.AppStore|x86.ActiveCfg = Debug|Any CPU
		{E6A5A7DF-88FF-4F12-A715-4CEC271914AB}.AppStore|x86.Build.0 = Debug|Any CPU
		{E6A5A7DF-88FF-4F12-A715-4CEC271914AB}.AppStore|x86.Deploy.0 = Debug|Any CPU
		{E6A5A7DF-88FF-4F12-A715-4CEC271914AB}.Debug|Any CPU.ActiveCfg = Debug|Any CPU
		{E6A5A7DF-88FF-4F12-A715-4CEC271914AB}.Debug|Any CPU.Build.0 = Debug|Any CPU
		{E6A5A7DF-88FF-4F12-A715-4CEC271914AB}.Debug|Any CPU.Deploy.0 = Debug|Any CPU
		{E6A5A7DF-88FF-4F12-A715-4CEC271914AB}.Debug|ARM.ActiveCfg = Debug|Any CPU
		{E6A5A7DF-88FF-4F12-A715-4CEC271914AB}.Debug|ARM.Build.0 = Debug|Any CPU
		{E6A5A7DF-88FF-4F12-A715-4CEC271914AB}.Debug|ARM.Deploy.0 = Debug|Any CPU
		{E6A5A7DF-88FF-4F12-A715-4CEC271914AB}.Debug|iPhone.ActiveCfg = Debug|Any CPU
		{E6A5A7DF-88FF-4F12-A715-4CEC271914AB}.Debug|iPhone.Build.0 = Debug|Any CPU
		{E6A5A7DF-88FF-4F12-A715-4CEC271914AB}.Debug|iPhone.Deploy.0 = Debug|Any CPU
		{E6A5A7DF-88FF-4F12-A715-4CEC271914AB}.Debug|iPhoneSimulator.ActiveCfg = Debug|Any CPU
		{E6A5A7DF-88FF-4F12-A715-4CEC271914AB}.Debug|iPhoneSimulator.Build.0 = Debug|Any CPU
		{E6A5A7DF-88FF-4F12-A715-4CEC271914AB}.Debug|iPhoneSimulator.Deploy.0 = Debug|Any CPU
		{E6A5A7DF-88FF-4F12-A715-4CEC271914AB}.Debug|x64.ActiveCfg = Debug|Any CPU
		{E6A5A7DF-88FF-4F12-A715-4CEC271914AB}.Debug|x64.Build.0 = Debug|Any CPU
		{E6A5A7DF-88FF-4F12-A715-4CEC271914AB}.Debug|x64.Deploy.0 = Debug|Any CPU
		{E6A5A7DF-88FF-4F12-A715-4CEC271914AB}.Debug|x86.ActiveCfg = Debug|Any CPU
		{E6A5A7DF-88FF-4F12-A715-4CEC271914AB}.Debug|x86.Build.0 = Debug|Any CPU
		{E6A5A7DF-88FF-4F12-A715-4CEC271914AB}.Debug|x86.Deploy.0 = Debug|Any CPU
		{E6A5A7DF-88FF-4F12-A715-4CEC271914AB}.Release|Any CPU.ActiveCfg = Release|Any CPU
		{E6A5A7DF-88FF-4F12-A715-4CEC271914AB}.Release|Any CPU.Build.0 = Release|Any CPU
		{E6A5A7DF-88FF-4F12-A715-4CEC271914AB}.Release|Any CPU.Deploy.0 = Release|Any CPU
		{E6A5A7DF-88FF-4F12-A715-4CEC271914AB}.Release|ARM.ActiveCfg = Release|Any CPU
		{E6A5A7DF-88FF-4F12-A715-4CEC271914AB}.Release|ARM.Build.0 = Release|Any CPU
		{E6A5A7DF-88FF-4F12-A715-4CEC271914AB}.Release|ARM.Deploy.0 = Release|Any CPU
		{E6A5A7DF-88FF-4F12-A715-4CEC271914AB}.Release|iPhone.ActiveCfg = Release|Any CPU
		{E6A5A7DF-88FF-4F12-A715-4CEC271914AB}.Release|iPhone.Build.0 = Release|Any CPU
		{E6A5A7DF-88FF-4F12-A715-4CEC271914AB}.Release|iPhone.Deploy.0 = Release|Any CPU
		{E6A5A7DF-88FF-4F12-A715-4CEC271914AB}.Release|iPhoneSimulator.ActiveCfg = Release|Any CPU
		{E6A5A7DF-88FF-4F12-A715-4CEC271914AB}.Release|iPhoneSimulator.Build.0 = Release|Any CPU
		{E6A5A7DF-88FF-4F12-A715-4CEC271914AB}.Release|iPhoneSimulator.Deploy.0 = Release|Any CPU
		{E6A5A7DF-88FF-4F12-A715-4CEC271914AB}.Release|x64.ActiveCfg = Release|Any CPU
		{E6A5A7DF-88FF-4F12-A715-4CEC271914AB}.Release|x64.Build.0 = Release|Any CPU
		{E6A5A7DF-88FF-4F12-A715-4CEC271914AB}.Release|x64.Deploy.0 = Release|Any CPU
		{E6A5A7DF-88FF-4F12-A715-4CEC271914AB}.Release|x86.ActiveCfg = Release|Any CPU
		{E6A5A7DF-88FF-4F12-A715-4CEC271914AB}.Release|x86.Build.0 = Release|Any CPU
		{E6A5A7DF-88FF-4F12-A715-4CEC271914AB}.Release|x86.Deploy.0 = Release|Any CPU
	EndGlobalSection
	GlobalSection(SolutionProperties) = preSolution
		HideSolutionNode = FALSE
	EndGlobalSection
	GlobalSection(ExtensibilityGlobals) = postSolution
		SolutionGuid = {B0BB224C-A86F-47D5-8D5C-F1ED05A047C4}
	EndGlobalSection
EndGlobal
